
Microsoft Visual Studio Solution File, Format Version 12.00
# Visual Studio 15
VisualStudioVersion = 15.0.27004.2002
MinimumVisualStudioVersion = 10.0.40219.1
Project("{FAE04EC0-301F-11D3-BF4B-00C04F79EFBC}") = "Print.Raw", "Print.Raw\Print.Raw.csproj", "{88C4B5B6-2D9F-4A16-BD9E-7508C4B6AD0D}"
EndProject
Global
	GlobalSection(SolutionConfigurationPlatforms) = preSolution
		Debug|Any CPU = Debug|Any CPU
		Release|Any CPU = Release|Any CPU
	EndGlobalSection
	GlobalSection(ProjectConfigurationPlatforms) = postSolution
		{88C4B5B6-2D9F-4A16-BD9E-7508C4B6AD0D}.Debug|Any CPU.ActiveCfg = Debug|Any CPU
		{88C4B5B6-2D9F-4A16-BD9E-7508C4B6AD0D}.Debug|Any CPU.Build.0 = Debug|Any CPU
		{88C4B5B6-2D9F-4A16-BD9E-7508C4B6AD0D}.Release|Any CPU.ActiveCfg = Release|Any CPU
		{88C4B5B6-2D9F-4A16-BD9E-7508C4B6AD0D}.Release|Any CPU.Build.0 = Release|Any CPU
	EndGlobalSection
	GlobalSection(SolutionProperties) = preSolution
		HideSolutionNode = FALSE
	EndGlobalSection
	GlobalSection(ExtensibilityGlobals) = postSolution
		SolutionGuid = {41ED25FA-229B-42F1-ACD4-529B2C8107EC}
	EndGlobalSection
EndGlobal
